
Microsoft Visual Studio Solution File, Format Version 12.00
# Visual Studio Version 17
VisualStudioVersion = 17.1.32328.378
MinimumVisualStudioVersion = 10.0.40219.1
Project("{FAE04EC0-301F-11D3-BF4B-00C04F79EFBC}") = "Zadania_dotNET", "Zadania_dotNET\Zadania_dotNET.csproj", "{DF5F6786-D601-48EB-BA78-AFAE55223EE4}"
EndProject
Global
	GlobalSection(SolutionConfigurationPlatforms) = preSolution
		Debug|Any CPU = Debug|Any CPU
		Release|Any CPU = Release|Any CPU
	EndGlobalSection
	GlobalSection(ProjectConfigurationPlatforms) = postSolution
		{DF5F6786-D601-48EB-BA78-AFAE55223EE4}.Debug|Any CPU.ActiveCfg = Debug|Any CPU
		{DF5F6786-D601-48EB-BA78-AFAE55223EE4}.Debug|Any CPU.Build.0 = Debug|Any CPU
		{DF5F6786-D601-48EB-BA78-AFAE55223EE4}.Release|Any CPU.ActiveCfg = Release|Any CPU
		{DF5F6786-D601-48EB-BA78-AFAE55223EE4}.Release|Any CPU.Build.0 = Release|Any CPU
	EndGlobalSection
	GlobalSection(SolutionProperties) = preSolution
		HideSolutionNode = FALSE
	EndGlobalSection
	GlobalSection(ExtensibilityGlobals) = postSolution
		SolutionGuid = {83C85E98-3256-4E50-B06F-8B73C3BC498D}
	EndGlobalSection
EndGlobal
